
Microsoft Visual Studio Solution File, Format Version 12.00
# Visual Studio Version 17
VisualStudioVersion = 17.3.32922.545
MinimumVisualStudioVersion = 10.0.40219.1
Project("{9A19103F-16F7-4668-BE54-9A1E7A4F7556}") = "StudentProject", "StudentProject\StudentProject.csproj", "{91FFFB63-4147-4E8D-84FD-FEFDEFFA0FE1}"
EndProject
Project("{FAE04EC0-301F-11D3-BF4B-00C04F79EFBC}") = "Tests", "Tests\Tests.csproj", "{C1D48D58-CCD5-46BE-8C7A-FE5AED7D2076}"
EndProject
Global
	GlobalSection(SolutionConfigurationPlatforms) = preSolution
		Debug|Any CPU = Debug|Any CPU
		Release|Any CPU = Release|Any CPU
	EndGlobalSection
	GlobalSection(ProjectConfigurationPlatforms) = postSolution
		{91FFFB63-4147-4E8D-84FD-FEFDEFFA0FE1}.Debug|Any CPU.ActiveCfg = Debug|Any CPU
		{91FFFB63-4147-4E8D-84FD-FEFDEFFA0FE1}.Debug|Any CPU.Build.0 = Debug|Any CPU
		{91FFFB63-4147-4E8D-84FD-FEFDEFFA0FE1}.Release|Any CPU.ActiveCfg = Release|Any CPU
		{91FFFB63-4147-4E8D-84FD-FEFDEFFA0FE1}.Release|Any CPU.Build.0 = Release|Any CPU
		{C1D48D58-CCD5-46BE-8C7A-FE5AED7D2076}.Debug|Any CPU.ActiveCfg = Debug|Any CPU
		{C1D48D58-CCD5-46BE-8C7A-FE5AED7D2076}.Debug|Any CPU.Build.0 = Debug|Any CPU
		{C1D48D58-CCD5-46BE-8C7A-FE5AED7D2076}.Release|Any CPU.ActiveCfg = Release|Any CPU
		{C1D48D58-CCD5-46BE-8C7A-FE5AED7D2076}.Release|Any CPU.Build.0 = Release|Any CPU
	EndGlobalSection
	GlobalSection(SolutionProperties) = preSolution
		HideSolutionNode = FALSE
	EndGlobalSection
	GlobalSection(ExtensibilityGlobals) = postSolution
		SolutionGuid = {B74EF9C3-3E85-4295-A69D-1CD56311778A}
	EndGlobalSection
EndGlobal
